
Microsoft Visual Studio Solution File, Format Version 12.00
# Visual Studio 15
VisualStudioVersion = 15.0.28010.2019
MinimumVisualStudioVersion = 10.0.40219.1
Project("{9A19103F-16F7-4668-BE54-9A1E7A4F7556}") = "Ejercicio 6", "Ejercicio 6\Ejercicio 6.csproj", "{7727ED99-68A5-41C2-BEB3-913A8AABAA8D}"
EndProject
Project("{FAE04EC0-301F-11D3-BF4B-00C04F79EFBC}") = "Ejercicio7_Reloj_checador_TimeSpan", "Ejercicio_TimeSpan\Ejercicio7_Reloj_checador_TimeSpan.csproj", "{06A4E4EE-5B65-4D65-82FA-6DC50394C3A2}"
EndProject
Project("{FAE04EC0-301F-11D3-BF4B-00C04F79EFBC}") = "Tarea 6 metodos", "Tarea 6 metodos\Tarea 6 metodos.csproj", "{D7DB09A1-3D14-4D86-A965-969ADA9DB99C}"
EndProject
Global
	GlobalSection(SolutionConfigurationPlatforms) = preSolution
		Debug|Any CPU = Debug|Any CPU
		Release|Any CPU = Release|Any CPU
	EndGlobalSection
	GlobalSection(ProjectConfigurationPlatforms) = postSolution
		{7727ED99-68A5-41C2-BEB3-913A8AABAA8D}.Debug|Any CPU.ActiveCfg = Debug|Any CPU
		{7727ED99-68A5-41C2-BEB3-913A8AABAA8D}.Debug|Any CPU.Build.0 = Debug|Any CPU
		{7727ED99-68A5-41C2-BEB3-913A8AABAA8D}.Release|Any CPU.ActiveCfg = Release|Any CPU
		{7727ED99-68A5-41C2-BEB3-913A8AABAA8D}.Release|Any CPU.Build.0 = Release|Any CPU
		{06A4E4EE-5B65-4D65-82FA-6DC50394C3A2}.Debug|Any CPU.ActiveCfg = Debug|Any CPU
		{06A4E4EE-5B65-4D65-82FA-6DC50394C3A2}.Debug|Any CPU.Build.0 = Debug|Any CPU
		{06A4E4EE-5B65-4D65-82FA-6DC50394C3A2}.Release|Any CPU.ActiveCfg = Release|Any CPU
		{06A4E4EE-5B65-4D65-82FA-6DC50394C3A2}.Release|Any CPU.Build.0 = Release|Any CPU
		{D7DB09A1-3D14-4D86-A965-969ADA9DB99C}.Debug|Any CPU.ActiveCfg = Debug|Any CPU
		{D7DB09A1-3D14-4D86-A965-969ADA9DB99C}.Debug|Any CPU.Build.0 = Debug|Any CPU
		{D7DB09A1-3D14-4D86-A965-969ADA9DB99C}.Release|Any CPU.ActiveCfg = Release|Any CPU
		{D7DB09A1-3D14-4D86-A965-969ADA9DB99C}.Release|Any CPU.Build.0 = Release|Any CPU
	EndGlobalSection
	GlobalSection(SolutionProperties) = preSolution
		HideSolutionNode = FALSE
	EndGlobalSection
	GlobalSection(ExtensibilityGlobals) = postSolution
		SolutionGuid = {02B909EC-16FF-4E27-99D4-F967F5C52AB8}
	EndGlobalSection
EndGlobal
